// !$*UTF8*$!
{
	archiveVersion = 1;
	classes = {
	};
	objectVersion = 50;
	objects = {

/* Begin PBXBuildFile section */
		8758DB282624676E007BED51 /* AppDelegate.swift in Sources */ = {isa = PBXBuildFile; fileRef = 8758DB272624676E007BED51 /* AppDelegate.swift */; };
		8758DB2A2624676E007BED51 /* SceneDelegate.swift in Sources */ = {isa = PBXBuildFile; fileRef = 8758DB292624676E007BED51 /* SceneDelegate.swift */; };
		8758DB2C2624676E007BED51 /* ViewController.swift in Sources */ = {isa = PBXBuildFile; fileRef = 8758DB2B2624676E007BED51 /* ViewController.swift */; };
		8758DB2F2624676E007BED51 /* Main.storyboard in Resources */ = {isa = PBXBuildFile; fileRef = 8758DB2D2624676E007BED51 /* Main.storyboard */; };
		8758DB322624676E007BED51 /* PresentingPopup.xcdatamodeld in Sources */ = {isa = PBXBuildFile; fileRef = 8758DB302624676E007BED51 /* PresentingPopup.xcdatamodeld */; };
		8758DB3426246773007BED51 /* Assets.xcassets in Resources */ = {isa = PBXBuildFile; fileRef = 8758DB3326246773007BED51 /* Assets.xcassets */; };
		8758DB3726246773007BED51 /* LaunchScreen.storyboard in Resources */ = {isa = PBXBuildFile; fileRef = 8758DB3526246773007BED51 /* LaunchScreen.storyboard */; };
/* End PBXBuildFile section */

/* Begin PBXFileReference section */
		8758DB242624676E007BED51 /* PresentingPopup.app */ = {isa = PBXFileReference; explicitFileType = wrapper.application; includeInIndex = 0; path = PresentingPopup.app; sourceTree = BUILT_PRODUCTS_DIR; };
		8758DB272624676E007BED51 /* AppDelegate.swift */ = {isa = PBXFileReference; lastKnownFileType = sourcecode.swift; path = AppDelegate.swift; sourceTree = "<group>"; };
		8758DB292624676E007BED51 /* SceneDelegate.swift */ = {isa = PBXFileReference; lastKnownFileType = sourcecode.swift; path = SceneDelegate.swift; sourceTree = "<group>"; };
		8758DB2B2624676E007BED51 /* ViewController.swift */ = {isa = PBXFileReference; lastKnownFileType = sourcecode.swift; path = ViewController.swift; sourceTree = "<group>"; };
		8758DB2E2624676E007BED51 /* Base */ = {isa = PBXFileReference; lastKnownFileType = file.storyboard; name = Base; path = Base.lproj/Main.storyboard; sourceTree = "<group>"; };
		8758DB312624676E007BED51 /* PresentingPopup.xcdatamodel */ = {isa = PBXFileReference; lastKnownFileType = wrapper.xcdatamodel; path = PresentingPopup.xcdatamodel; sourceTree = "<group>"; };
		8758DB3326246773007BED51 /* Assets.xcassets */ = {isa = PBXFileReference; lastKnownFileType = folder.assetcatalog; path = Assets.xcassets; sourceTree = "<group>"; };
		8758DB3626246773007BED51 /* Base */ = {isa = PBXFileReference; lastKnownFileType = file.storyboard; name = Base; path = Base.lproj/LaunchScreen.storyboard; sourceTree = "<group>"; };
		8758DB3826246773007BED51 /* Info.plist */ = {isa = PBXFileReference; lastKnownFileType = text.plist.xml; path = Info.plist; sourceTree = "<group>"; };
/* End PBXFileReference section */

/* Begin PBXFrameworksBuildPhase section */
		8758DB212624676E007BED51 /* Frameworks */ = {
			isa = PBXFrameworksBuildPhase;
			buildActionMask = 2147483647;
			files = (
			);
			runOnlyForDeploymentPostprocessing = 0;
		};
/* End PBXFrameworksBuildPhase section */

/* Begin PBXGroup section */
		8758DB1B2624676E007BED51 = {
			isa = PBXGroup;
			children = (
				8758DB262624676E007BED51 /* PresentingPopup */,
				8758DB252624676E007BED51 /* Products */,
			);
			sourceTree = "<group>";
		};
		8758DB252624676E007BED51 /* Products */ = {
			isa = PBXGroup;
			children = (
				8758DB242624676E007BED51 /* PresentingPopup.app */,
			);
			name = Products;
			sourceTree = "<group>";
		};
		8758DB262624676E007BED51 /* PresentingPopup */ = {
			isa = PBXGroup;
			children = (
				8758DB272624676E007BED51 /* AppDelegate.swift */,
				8758DB292624676E007BED51 /* SceneDelegate.swift */,
				8758DB2B2624676E007BED51 /* ViewController.swift */,
				8758DB2D2624676E007BED51 /* Main.storyboard */,
				8758DB3326246773007BED51 /* Assets.xcassets */,
				8758DB3526246773007BED51 /* LaunchScreen.storyboard */,
				8758DB3826246773007BED51 /* Info.plist */,
				8758DB302624676E007BED51 /* PresentingPopup.xcdatamodeld */,
			);
			path = PresentingPopup;
			sourceTree = "<group>";
		};
/* End PBXGroup section */

/* Begin PBXNativeTarget section */
		8758DB232624676E007BED51 /* PresentingPopup */ = {
			isa = PBXNativeTarget;
			buildConfigurationList = 8758DB3B26246773007BED51 /* Build configuration list for PBXNativeTarget "PresentingPopup" */;
			buildPhases = (
				8758DB202624676E007BED51 /* Sources */,
				8758DB212624676E007BED51 /* Frameworks */,
				8758DB222624676E007BED51 /* Resources */,
			);
			buildRules = (
			);
			dependencies = (
			);
			name = PresentingPopup;
			productName = PresentingPopup;
			productReference = 8758DB242624676E007BED51 /* PresentingPopup.app */;
			productType = "com.apple.product-type.application";
		};
/* End PBXNativeTarget section */

/* Begin PBXProject section */
		8758DB1C2624676E007BED51 /* Project object */ = {
			isa = PBXProject;
			attributes = {
				LastSwiftUpdateCheck = 1210;
				LastUpgradeCheck = 1210;
				TargetAttributes = {
					8758DB232624676E007BED51 = {
						CreatedOnToolsVersion = 12.1;
					};
				};
			};
			buildConfigurationList = 8758DB1F2624676E007BED51 /* Build configuration list for PBXProject "PresentingPopup" */;
			compatibilityVersion = "Xcode 9.3";
			developmentRegion = en;
			hasScannedForEncodings = 0;
			knownRegions = (
				en,
				Base,
			);
			mainGroup = 8758DB1B2624676E007BED51;
			productRefGroup = 8758DB252624676E007BED51 /* Products */;
			projectDirPath = "";
			projectRoot = "";
			targets = (
				8758DB232624676E007BED51 /* PresentingPopup */,
			);
		};
/* End PBXProject section */

/* Begin PBXResourcesBuildPhase section */
		8758DB222624676E007BED51 /* Resources */ = {
			isa = PBXResourcesBuildPhase;
			buildActionMask = 2147483647;
			files = (
				8758DB3726246773007BED51 /* LaunchScreen.storyboard in Resources */,
				8758DB3426246773007BED51 /* Assets.xcassets in Resources */,
				8758DB2F2624676E007BED51 /* Main.storyboard in Resources */,
			);
			runOnlyForDeploymentPostprocessing = 0;
		};
/* End PBXResourcesBuildPhase section */

/* Begin PBXSourcesBuildPhase section */
		8758DB202624676E007BED51 /* Sources */ = {
			isa = PBXSourcesBuildPhase;
			buildActionMask = 2147483647;
			files = (
				8758DB2C2624676E007BED51 /* ViewController.swift in Sources */,
				8758DB282624676E007BED51 /* AppDelegate.swift in Sources */,
				8758DB2A2624676E007BED51 /* SceneDelegate.swift in Sources */,
				8758DB322624676E007BED51 /* PresentingPopup.xcdatamodeld in Sources */,
			);
			runOnlyForDeploymentPostprocessing = 0;
		};
/* End PBXSourcesBuildPhase section */

/* Begin PBXVariantGroup section */
		8758DB2D2624676E007BED51 /* Main.storyboard */ = {
			isa = PBXVariantGroup;
			children = (
				8758DB2E2624676E007BED51 /* Base */,
			);
			name = Main.storyboard;
			sourceTree = "<group>";
		};
		8758DB3526246773007BED51 /* LaunchScreen.storyboard */ = {
			isa = PBXVariantGroup;
			children = (
				8758DB3626246773007BED51 /* Base */,
			);
			name = LaunchScreen.storyboard;
			sourceTree = "<group>";
		};
/* End PBXVariantGroup section */

/* Begin XCBuildConfiguration section */
		8758DB3926246773007BED51 /* Debug */ = {
			isa = XCBuildConfiguration;
			buildSettings = {
				ALWAYS_SEARCH_USER_PATHS = NO;
				CLANG_ANALYZER_NONNULL = YES;
				CLANG_ANALYZER_NUMBER_OBJECT_CONVERSION = YES_AGGRESSIVE;
				CLANG_CXX_LANGUAGE_STANDARD = "gnu++14";
				CLANG_CXX_LIBRARY = "libc++";
				CLANG_ENABLE_MODULES = YES;
				CLANG_ENABLE_OBJC_ARC = YES;
				CLANG_ENABLE_OBJC_WEAK = YES;
				CLANG_WARN_BLOCK_CAPTURE_AUTORELEASING = YES;
				CLANG_WARN_BOOL_CONVERSION = YES;
				CLANG_WARN_COMMA = YES;
				CLANG_WARN_CONSTANT_CONVERSION = YES;
				CLANG_WARN_DEPRECATED_OBJC_IMPLEMENTATIONS = YES;
				CLANG_WARN_DIRECT_OBJC_ISA_USAGE = YES_ERROR;
				CLANG_WARN_DOCUMENTATION_COMMENTS = YES;
				CLANG_WARN_EMPTY_BODY = YES;
				CLANG_WARN_ENUM_CONVERSION = YES;
				CLANG_WARN_INFINITE_RECURSION = YES;
				CLANG_WARN_INT_CONVERSION = YES;
				CLANG_WARN_NON_LITERAL_NULL_CONVERSION = YES;
				CLANG_WARN_OBJC_IMPLICIT_RETAIN_SELF = YES;
				CLANG_WARN_OBJC_LITERAL_CONVERSION = YES;
				CLANG_WARN_OBJC_ROOT_CLASS = YES_ERROR;
				CLANG_WARN_QUOTED_INCLUDE_IN_FRAMEWORK_HEADER = YES;
				CLANG_WARN_RANGE_LOOP_ANALYSIS = YES;
				CLANG_WARN_STRICT_PROTOTYPES = YES;
				CLANG_WARN_SUSPICIOUS_MOVE = YES;
				CLANG_WARN_UNGUARDED_AVAILABILITY = YES_AGGRESSIVE;
				CLANG_WARN_UNREACHABLE_CODE = YES;
				CLANG_WARN__DUPLICATE_METHOD_MATCH = YES;
				COPY_PHASE_STRIP = NO;
				DEBUG_INFORMATION_FORMAT = dwarf;
				ENABLE_STRICT_OBJC_MSGSEND = YES;
				ENABLE_TESTABILITY = YES;
				GCC_C_LANGUAGE_STANDARD = gnu11;
				GCC_DYNAMIC_NO_PIC = NO;
				GCC_NO_COMMON_BLOCKS = YES;
				GCC_OPTIMIZATION_LEVEL = 0;
				GCC_PREPROCESSOR_DEFINITIONS = (
					"DEBUG=1",
					"$(inherited)",
				);
				GCC_WARN_64_TO_32_BIT_CONVERSION = YES;
				GCC_WARN_ABOUT_RETURN_TYPE = YES_ERROR;
				GCC_WARN_UNDECLARED_SELECTOR = YES;
				GCC_WARN_UNINITIALIZED_AUTOS = YES_AGGRESSIVE;
				GCC_WARN_UNUSED_FUNCTION = YES;
				GCC_WARN_UNUSED_VARIABLE = YES;
				IPHONEOS_DEPLOYMENT_TARGET = 14.1;
				MTL_ENABLE_DEBUG_INFO = INCLUDE_SOURCE;
				MTL_FAST_MATH = YES;
				ONLY_ACTIVE_ARCH = YES;
				SDKROOT = iphoneos;
				SWIFT_ACTIVE_COMPILATION_CONDITIONS = DEBUG;
				SWIFT_OPTIMIZATION_LEVEL = "-Onone";
			};
			name = Debug;
		};
		8758DB3A26246773007BED51 /* Release */ = {
			isa = XCBuildConfiguration;
			buildSettings = {
				ALWAYS_SEARCH_USER_PATHS = NO;
				CLANG_ANALYZER_NONNULL = YES;
				CLANG_ANALYZER_NUMBER_OBJECT_CONVERSION = YES_AGGRESSIVE;
				CLANG_CXX_LANGUAGE_STANDARD = "gnu++14";
				CLANG_CXX_LIBRARY = "libc++";
				CLANG_ENABLE_MODULES = YES;
				CLANG_ENABLE_OBJC_ARC = YES;
				CLANG_ENABLE_OBJC_WEAK = YES;
				CLANG_WARN_BLOCK_CAPTURE_AUTORELEASING = YES;
				CLANG_WARN_BOOL_CONVERSION = YES;
				CLANG_WARN_COMMA = YES;
				CLANG_WARN_CONSTANT_CONVERSION = YES;
				CLANG_WARN_DEPRECATED_OBJC_IMPLEMENTATIONS = YES;
				CLANG_WARN_DIRECT_OBJC_ISA_USAGE = YES_ERROR;
				CLANG_WARN_DOCUMENTATION_COMMENTS = YES;
				CLANG_WARN_EMPTY_BODY = YES;
				CLANG_WARN_ENUM_CONVERSION = YES;
				CLANG_WARN_INFINITE_RECURSION = YES;
				CLANG_WARN_INT_CONVERSION = YES;
				CLANG_WARN_NON_LITERAL_NULL_CONVERSION = YES;
				CLANG_WARN_OBJC_IMPLICIT_RETAIN_SELF = YES;
				CLANG_WARN_OBJC_LITERAL_CONVERSION = YES;
				CLANG_WARN_OBJC_ROOT_CLASS = YES_ERROR;
				CLANG_WARN_QUOTED_INCLUDE_IN_FRAMEWORK_HEADER = YES;
				CLANG_WARN_RANGE_LOOP_ANALYSIS = YES;
				CLANG_WARN_STRICT_PROTOTYPES = YES;
				CLANG_WARN_SUSPICIOUS_MOVE = YES;
				CLANG_WARN_UNGUARDED_AVAILABILITY = YES_AGGRESSIVE;
				CLANG_WARN_UNREACHABLE_CODE = YES;
				CLANG_WARN__DUPLICATE_METHOD_MATCH = YES;
				COPY_PHASE_STRIP = NO;
				DEBUG_INFORMATION_FORMAT = "dwarf-with-dsym";
				ENABLE_NS_ASSERTIONS = NO;
				ENABLE_STRICT_OBJC_MSGSEND = YES;
				GCC_C_LANGUAGE_STANDARD = gnu11;
				GCC_NO_COMMON_BLOCKS = YES;
				GCC_WARN_64_TO_32_BIT_CONVERSION = YES;
				GCC_WARN_ABOUT_RETURN_TYPE = YES_ERROR;
				GCC_WARN_UNDECLARED_SELECTOR = YES;
				GCC_WARN_UNINITIALIZED_AUTOS = YES_AGGRESSIVE;
				GCC_WARN_UNUSED_FUNCTION = YES;
				GCC_WARN_UNUSED_VARIABLE = YES;
				IPHONEOS_DEPLOYMENT_TARGET = 14.1;
				MTL_ENABLE_DEBUG_INFO = NO;
				MTL_FAST_MATH = YES;
				SDKROOT = iphoneos;
				SWIFT_COMPILATION_MODE = wholemodule;
				SWIFT_OPTIMIZATION_LEVEL = "-O";
				VALIDATE_PRODUCT = YES;
			};
			name = Release;
		};
		8758DB3C26246773007BED51 /* Debug */ = {
			isa = XCBuildConfiguration;
			buildSettings = {
				ASSETCATALOG_COMPILER_APPICON_NAME = AppIcon;
				ASSETCATALOG_COMPILER_GLOBAL_ACCENT_COLOR_NAME = AccentColor;
				CODE_SIGN_STYLE = Automatic;
				DEVELOPMENT_TEAM = 5QK2K4UB32;
				INFOPLIST_FILE = PresentingPopup/Info.plist;
				LD_RUNPATH_SEARCH_PATHS = (
					"$(inherited)",
					"@executable_path/Frameworks",
				);
				PRODUCT_BUNDLE_IDENTIFIER = Jiwon.PresentingPopup;
				PRODUCT_NAME = "$(TARGET_NAME)";
				SWIFT_VERSION = 5.0;
				TARGETED_DEVICE_FAMILY = "1,2";
			};
			name = Debug;
		};
		8758DB3D26246773007BED51 /* Release */ = {
			isa = XCBuildConfiguration;
			buildSettings = {
				ASSETCATALOG_COMPILER_APPICON_NAME = AppIcon;
				ASSETCATALOG_COMPILER_GLOBAL_ACCENT_COLOR_NAME = AccentColor;
				CODE_SIGN_STYLE = Automatic;
				DEVELOPMENT_TEAM = 5QK2K4UB32;
				INFOPLIST_FILE = PresentingPopup/Info.plist;
				LD_RUNPATH_SEARCH_PATHS = (
					"$(inherited)",
					"@executable_path/Frameworks",
				);
				PRODUCT_BUNDLE_IDENTIFIER = Jiwon.PresentingPopup;
				PRODUCT_NAME = "$(TARGET_NAME)";
				SWIFT_VERSION = 5.0;
				TARGETED_DEVICE_FAMILY = "1,2";
			};
			name = Release;
		};
/* End XCBuildConfiguration section */

/* Begin XCConfigurationList section */
		8758DB1F2624676E007BED51 /* Build configuration list for PBXProject "PresentingPopup" */ = {
			isa = XCConfigurationList;
			buildConfigurations = (
				8758DB3926246773007BED51 /* Debug */,
				8758DB3A26246773007BED51 /* Release */,
			);
			defaultConfigurationIsVisible = 0;
			defaultConfigurationName = Release;
		};
		8758DB3B26246773007BED51 /* Build configuration list for PBXNativeTarget "PresentingPopup" */ = {
			isa = XCConfigurationList;
			buildConfigurations = (
				8758DB3C26246773007BED51 /* Debug */,
				8758DB3D26246773007BED51 /* Release */,
			);
			defaultConfigurationIsVisible = 0;
			defaultConfigurationName = Release;
		};
/* End XCConfigurationList section */

/* Begin XCVersionGroup section */
		8758DB302624676E007BED51 /* PresentingPopup.xcdatamodeld */ = {
			isa = XCVersionGroup;
			children = (
				8758DB312624676E007BED51 /* PresentingPopup.xcdatamodel */,
			);
			currentVersion = 8758DB312624676E007BED51 /* PresentingPopup.xcdatamodel */;
			path = PresentingPopup.xcdatamodeld;
			sourceTree = "<group>";
			versionGroupType = wrapper.xcdatamodel;
		};
/* End XCVersionGroup section */
	};
	rootObject = 8758DB1C2624676E007BED51 /* Project object */;
}
